// !$*UTF8*$!
{
	archiveVersion = 1;
	classes = {
	};
	objectVersion = 56;
	objects = {

/* Begin PBXBuildFile section */
		D2BA51662A760C1A0063134A /* AppDelegate.swift in Sources */ = {isa = PBXBuildFile; fileRef = D2BA51652A760C1A0063134A /* AppDelegate.swift */; };
		D2BA51682A760C1A0063134A /* SceneDelegate.swift in Sources */ = {isa = PBXBuildFile; fileRef = D2BA51672A760C1A0063134A /* SceneDelegate.swift */; };
		D2BA516A2A760C1A0063134A /* ViewController.swift in Sources */ = {isa = PBXBuildFile; fileRef = D2BA51692A760C1A0063134A /* ViewController.swift */; };
		D2BA516D2A760C1A0063134A /* Main.storyboard in Resources */ = {isa = PBXBuildFile; fileRef = D2BA516B2A760C1A0063134A /* Main.storyboard */; };
		D2BA516F2A760C1B0063134A /* Assets.xcassets in Resources */ = {isa = PBXBuildFile; fileRef = D2BA516E2A760C1B0063134A /* Assets.xcassets */; };
		D2BA51722A760C1B0063134A /* LaunchScreen.storyboard in Resources */ = {isa = PBXBuildFile; fileRef = D2BA51702A760C1B0063134A /* LaunchScreen.storyboard */; };
		D2CC2D4F2A7630FC003DA1F3 /* 3.png in Resources */ = {isa = PBXBuildFile; fileRef = D2CC2D4C2A7630FC003DA1F3 /* 3.png */; };
		D2CC2D502A7630FC003DA1F3 /* 2.png in Resources */ = {isa = PBXBuildFile; fileRef = D2CC2D4D2A7630FC003DA1F3 /* 2.png */; };
		D2CC2D512A7630FC003DA1F3 /* 1.png in Resources */ = {isa = PBXBuildFile; fileRef = D2CC2D4E2A7630FC003DA1F3 /* 1.png */; };
/* End PBXBuildFile section */

/* Begin PBXFileReference section */
		D2BA51622A760C1A0063134A /* imageMission.app */ = {isa = PBXFileReference; explicitFileType = wrapper.application; includeInIndex = 0; path = imageMission.app; sourceTree = BUILT_PRODUCTS_DIR; };
		D2BA51652A760C1A0063134A /* AppDelegate.swift */ = {isa = PBXFileReference; lastKnownFileType = sourcecode.swift; path = AppDelegate.swift; sourceTree = "<group>"; };
		D2BA51672A760C1A0063134A /* SceneDelegate.swift */ = {isa = PBXFileReference; lastKnownFileType = sourcecode.swift; path = SceneDelegate.swift; sourceTree = "<group>"; };
		D2BA51692A760C1A0063134A /* ViewController.swift */ = {isa = PBXFileReference; lastKnownFileType = sourcecode.swift; path = ViewController.swift; sourceTree = "<group>"; };
		D2BA516C2A760C1A0063134A /* Base */ = {isa = PBXFileReference; lastKnownFileType = file.storyboard; name = Base; path = Base.lproj/Main.storyboard; sourceTree = "<group>"; };
		D2BA516E2A760C1B0063134A /* Assets.xcassets */ = {isa = PBXFileReference; lastKnownFileType = folder.assetcatalog; path = Assets.xcassets; sourceTree = "<group>"; };
		D2BA51712A760C1B0063134A /* Base */ = {isa = PBXFileReference; lastKnownFileType = file.storyboard; name = Base; path = Base.lproj/LaunchScreen.storyboard; sourceTree = "<group>"; };
		D2BA51732A760C1B0063134A /* Info.plist */ = {isa = PBXFileReference; lastKnownFileType = text.plist.xml; path = Info.plist; sourceTree = "<group>"; };
		D2CC2D4C2A7630FC003DA1F3 /* 3.png */ = {isa = PBXFileReference; lastKnownFileType = image.png; name = 3.png; path = "../../../../Downloads/03장/미션이미지/3.png"; sourceTree = "<group>"; };
		D2CC2D4D2A7630FC003DA1F3 /* 2.png */ = {isa = PBXFileReference; lastKnownFileType = image.png; name = 2.png; path = "../../../../Downloads/03장/미션이미지/2.png"; sourceTree = "<group>"; };
		D2CC2D4E2A7630FC003DA1F3 /* 1.png */ = {isa = PBXFileReference; lastKnownFileType = image.png; name = 1.png; path = "../../../../Downloads/03장/미션이미지/1.png"; sourceTree = "<group>"; };
/* End PBXFileReference section */

/* Begin PBXFrameworksBuildPhase section */
		D2BA515F2A760C1A0063134A /* Frameworks */ = {
			isa = PBXFrameworksBuildPhase;
			buildActionMask = 2147483647;
			files = (
			);
			runOnlyForDeploymentPostprocessing = 0;
		};
/* End PBXFrameworksBuildPhase section */

/* Begin PBXGroup section */
		D2BA51592A760C1A0063134A = {
			isa = PBXGroup;
			children = (
				D2BA51642A760C1A0063134A /* imageMission */,
				D2BA51632A760C1A0063134A /* Products */,
			);
			sourceTree = "<group>";
		};
		D2BA51632A760C1A0063134A /* Products */ = {
			isa = PBXGroup;
			children = (
				D2BA51622A760C1A0063134A /* imageMission.app */,
			);
			name = Products;
			sourceTree = "<group>";
		};
		D2BA51642A760C1A0063134A /* imageMission */ = {
			isa = PBXGroup;
			children = (
				D2CC2D4E2A7630FC003DA1F3 /* 1.png */,
				D2CC2D4D2A7630FC003DA1F3 /* 2.png */,
				D2CC2D4C2A7630FC003DA1F3 /* 3.png */,
				D2BA51652A760C1A0063134A /* AppDelegate.swift */,
				D2BA51672A760C1A0063134A /* SceneDelegate.swift */,
				D2BA51692A760C1A0063134A /* ViewController.swift */,
				D2BA516B2A760C1A0063134A /* Main.storyboard */,
				D2BA516E2A760C1B0063134A /* Assets.xcassets */,
				D2BA51702A760C1B0063134A /* LaunchScreen.storyboard */,
				D2BA51732A760C1B0063134A /* Info.plist */,
			);
			path = imageMission;
			sourceTree = "<group>";
		};
/* End PBXGroup section */

/* Begin PBXNativeTarget section */
		D2BA51612A760C1A0063134A /* imageMission */ = {
			isa = PBXNativeTarget;
			buildConfigurationList = D2BA51762A760C1B0063134A /* Build configuration list for PBXNativeTarget "imageMission" */;
			buildPhases = (
				D2BA515E2A760C1A0063134A /* Sources */,
				D2BA515F2A760C1A0063134A /* Frameworks */,
				D2BA51602A760C1A0063134A /* Resources */,
			);
			buildRules = (
			);
			dependencies = (
			);
			name = imageMission;
			productName = imageMission;
			productReference = D2BA51622A760C1A0063134A /* imageMission.app */;
			productType = "com.apple.product-type.application";
		};
/* End PBXNativeTarget section */

/* Begin PBXProject section */
		D2BA515A2A760C1A0063134A /* Project object */ = {
			isa = PBXProject;
			attributes = {
				BuildIndependentTargetsInParallel = 1;
				LastSwiftUpdateCheck = 1410;
				LastUpgradeCheck = 1410;
				TargetAttributes = {
					D2BA51612A760C1A0063134A = {
						CreatedOnToolsVersion = 14.1;
					};
				};
			};
			buildConfigurationList = D2BA515D2A760C1A0063134A /* Build configuration list for PBXProject "imageMission" */;
			compatibilityVersion = "Xcode 14.0";
			developmentRegion = en;
			hasScannedForEncodings = 0;
			knownRegions = (
				en,
				Base,
			);
			mainGroup = D2BA51592A760C1A0063134A;
			productRefGroup = D2BA51632A760C1A0063134A /* Products */;
			projectDirPath = "";
			projectRoot = "";
			targets = (
				D2BA51612A760C1A0063134A /* imageMission */,
			);
		};
/* End PBXProject section */

/* Begin PBXResourcesBuildPhase section */
		D2BA51602A760C1A0063134A /* Resources */ = {
			isa = PBXResourcesBuildPhase;
			buildActionMask = 2147483647;
			files = (
				D2BA51722A760C1B0063134A /* LaunchScreen.storyboard in Resources */,
				D2BA516F2A760C1B0063134A /* Assets.xcassets in Resources */,
				D2CC2D502A7630FC003DA1F3 /* 2.png in Resources */,
				D2CC2D512A7630FC003DA1F3 /* 1.png in Resources */,
				D2BA516D2A760C1A0063134A /* Main.storyboard in Resources */,
				D2CC2D4F2A7630FC003DA1F3 /* 3.png in Resources */,
			);
			runOnlyForDeploymentPostprocessing = 0;
		};
/* End PBXResourcesBuildPhase section */

/* Begin PBXSourcesBuildPhase section */
		D2BA515E2A760C1A0063134A /* Sources */ = {
			isa = PBXSourcesBuildPhase;
			buildActionMask = 2147483647;
			files = (
				D2BA516A2A760C1A0063134A /* ViewController.swift in Sources */,
				D2BA51662A760C1A0063134A /* AppDelegate.swift in Sources */,
				D2BA51682A760C1A0063134A /* SceneDelegate.swift in Sources */,
			);
			runOnlyForDeploymentPostprocessing = 0;
		};
/* End PBXSourcesBuildPhase section */

/* Begin PBXVariantGroup section */
		D2BA516B2A760C1A0063134A /* Main.storyboard */ = {
			isa = PBXVariantGroup;
			children = (
				D2BA516C2A760C1A0063134A /* Base */,
			);
			name = Main.storyboard;
			sourceTree = "<group>";
		};
		D2BA51702A760C1B0063134A /* LaunchScreen.storyboard */ = {
			isa = PBXVariantGroup;
			children = (
				D2BA51712A760C1B0063134A /* Base */,
			);
			name = LaunchScreen.storyboard;
			sourceTree = "<group>";
		};
/* End PBXVariantGroup section */

/* Begin XCBuildConfiguration section */
		D2BA51742A760C1B0063134A /* Debug */ = {
			isa = XCBuildConfiguration;
			buildSettings = {
				ALWAYS_SEARCH_USER_PATHS = NO;
				CLANG_ANALYZER_NONNULL = YES;
				CLANG_ANALYZER_NUMBER_OBJECT_CONVERSION = YES_AGGRESSIVE;
				CLANG_CXX_LANGUAGE_STANDARD = "gnu++20";
				CLANG_ENABLE_MODULES = YES;
				CLANG_ENABLE_OBJC_ARC = YES;
				CLANG_ENABLE_OBJC_WEAK = YES;
				CLANG_WARN_BLOCK_CAPTURE_AUTORELEASING = YES;
				CLANG_WARN_BOOL_CONVERSION = YES;
				CLANG_WARN_COMMA = YES;
				CLANG_WARN_CONSTANT_CONVERSION = YES;
				CLANG_WARN_DEPRECATED_OBJC_IMPLEMENTATIONS = YES;
				CLANG_WARN_DIRECT_OBJC_ISA_USAGE = YES_ERROR;
				CLANG_WARN_DOCUMENTATION_COMMENTS = YES;
				CLANG_WARN_EMPTY_BODY = YES;
				CLANG_WARN_ENUM_CONVERSION = YES;
				CLANG_WARN_INFINITE_RECURSION = YES;
				CLANG_WARN_INT_CONVERSION = YES;
				CLANG_WARN_NON_LITERAL_NULL_CONVERSION = YES;
				CLANG_WARN_OBJC_IMPLICIT_RETAIN_SELF = YES;
				CLANG_WARN_OBJC_LITERAL_CONVERSION = YES;
				CLANG_WARN_OBJC_ROOT_CLASS = YES_ERROR;
				CLANG_WARN_QUOTED_INCLUDE_IN_FRAMEWORK_HEADER = YES;
				CLANG_WARN_RANGE_LOOP_ANALYSIS = YES;
				CLANG_WARN_STRICT_PROTOTYPES = YES;
				CLANG_WARN_SUSPICIOUS_MOVE = YES;
				CLANG_WARN_UNGUARDED_AVAILABILITY = YES_AGGRESSIVE;
				CLANG_WARN_UNREACHABLE_CODE = YES;
				CLANG_WARN__DUPLICATE_METHOD_MATCH = YES;
				COPY_PHASE_STRIP = NO;
				DEBUG_INFORMATION_FORMAT = dwarf;
				ENABLE_STRICT_OBJC_MSGSEND = YES;
				ENABLE_TESTABILITY = YES;
				GCC_C_LANGUAGE_STANDARD = gnu11;
				GCC_DYNAMIC_NO_PIC = NO;
				GCC_NO_COMMON_BLOCKS = YES;
				GCC_OPTIMIZATION_LEVEL = 0;
				GCC_PREPROCESSOR_DEFINITIONS = (
					"DEBUG=1",
					"$(inherited)",
				);
				GCC_WARN_64_TO_32_BIT_CONVERSION = YES;
				GCC_WARN_ABOUT_RETURN_TYPE = YES_ERROR;
				GCC_WARN_UNDECLARED_SELECTOR = YES;
				GCC_WARN_UNINITIALIZED_AUTOS = YES_AGGRESSIVE;
				GCC_WARN_UNUSED_FUNCTION = YES;
				GCC_WARN_UNUSED_VARIABLE = YES;
				IPHONEOS_DEPLOYMENT_TARGET = 16.1;
				MTL_ENABLE_DEBUG_INFO = INCLUDE_SOURCE;
				MTL_FAST_MATH = YES;
				ONLY_ACTIVE_ARCH = YES;
				SDKROOT = iphoneos;
				SWIFT_ACTIVE_COMPILATION_CONDITIONS = DEBUG;
				SWIFT_OPTIMIZATION_LEVEL = "-Onone";
			};
			name = Debug;
		};
		D2BA51752A760C1B0063134A /* Release */ = {
			isa = XCBuildConfiguration;
			buildSettings = {
				ALWAYS_SEARCH_USER_PATHS = NO;
				CLANG_ANALYZER_NONNULL = YES;
				CLANG_ANALYZER_NUMBER_OBJECT_CONVERSION = YES_AGGRESSIVE;
				CLANG_CXX_LANGUAGE_STANDARD = "gnu++20";
				CLANG_ENABLE_MODULES = YES;
				CLANG_ENABLE_OBJC_ARC = YES;
				CLANG_ENABLE_OBJC_WEAK = YES;
				CLANG_WARN_BLOCK_CAPTURE_AUTORELEASING = YES;
				CLANG_WARN_BOOL_CONVERSION = YES;
				CLANG_WARN_COMMA = YES;
				CLANG_WARN_CONSTANT_CONVERSION = YES;
				CLANG_WARN_DEPRECATED_OBJC_IMPLEMENTATIONS = YES;
				CLANG_WARN_DIRECT_OBJC_ISA_USAGE = YES_ERROR;
				CLANG_WARN_DOCUMENTATION_COMMENTS = YES;
				CLANG_WARN_EMPTY_BODY = YES;
				CLANG_WARN_ENUM_CONVERSION = YES;
				CLANG_WARN_INFINITE_RECURSION = YES;
				CLANG_WARN_INT_CONVERSION = YES;
				CLANG_WARN_NON_LITERAL_NULL_CONVERSION = YES;
				CLANG_WARN_OBJC_IMPLICIT_RETAIN_SELF = YES;
				CLANG_WARN_OBJC_LITERAL_CONVERSION = YES;
				CLANG_WARN_OBJC_ROOT_CLASS = YES_ERROR;
				CLANG_WARN_QUOTED_INCLUDE_IN_FRAMEWORK_HEADER = YES;
				CLANG_WARN_RANGE_LOOP_ANALYSIS = YES;
				CLANG_WARN_STRICT_PROTOTYPES = YES;
				CLANG_WARN_SUSPICIOUS_MOVE = YES;
				CLANG_WARN_UNGUARDED_AVAILABILITY = YES_AGGRESSIVE;
				CLANG_WARN_UNREACHABLE_CODE = YES;
				CLANG_WARN__DUPLICATE_METHOD_MATCH = YES;
				COPY_PHASE_STRIP = NO;
				DEBUG_INFORMATION_FORMAT = "dwarf-with-dsym";
				ENABLE_NS_ASSERTIONS = NO;
				ENABLE_STRICT_OBJC_MSGSEND = YES;
				GCC_C_LANGUAGE_STANDARD = gnu11;
				GCC_NO_COMMON_BLOCKS = YES;
				GCC_WARN_64_TO_32_BIT_CONVERSION = YES;
				GCC_WARN_ABOUT_RETURN_TYPE = YES_ERROR;
				GCC_WARN_UNDECLARED_SELECTOR = YES;
				GCC_WARN_UNINITIALIZED_AUTOS = YES_AGGRESSIVE;
				GCC_WARN_UNUSED_FUNCTION = YES;
				GCC_WARN_UNUSED_VARIABLE = YES;
				IPHONEOS_DEPLOYMENT_TARGET = 16.1;
				MTL_ENABLE_DEBUG_INFO = NO;
				MTL_FAST_MATH = YES;
				SDKROOT = iphoneos;
				SWIFT_COMPILATION_MODE = wholemodule;
				SWIFT_OPTIMIZATION_LEVEL = "-O";
				VALIDATE_PRODUCT = YES;
			};
			name = Release;
		};
		D2BA51772A760C1B0063134A /* Debug */ = {
			isa = XCBuildConfiguration;
			buildSettings = {
				ASSETCATALOG_COMPILER_APPICON_NAME = AppIcon;
				ASSETCATALOG_COMPILER_GLOBAL_ACCENT_COLOR_NAME = AccentColor;
				CODE_SIGN_STYLE = Automatic;
				CURRENT_PROJECT_VERSION = 1;
				GENERATE_INFOPLIST_FILE = YES;
				INFOPLIST_FILE = imageMission/Info.plist;
				INFOPLIST_KEY_UIApplicationSupportsIndirectInputEvents = YES;
				INFOPLIST_KEY_UILaunchStoryboardName = LaunchScreen;
				INFOPLIST_KEY_UIMainStoryboardFile = Main;
				INFOPLIST_KEY_UISupportedInterfaceOrientations_iPad = "UIInterfaceOrientationPortrait UIInterfaceOrientationPortraitUpsideDown UIInterfaceOrientationLandscapeLeft UIInterfaceOrientationLandscapeRight";
				INFOPLIST_KEY_UISupportedInterfaceOrientations_iPhone = "UIInterfaceOrientationPortrait UIInterfaceOrientationLandscapeLeft UIInterfaceOrientationLandscapeRight";
				LD_RUNPATH_SEARCH_PATHS = (
					"$(inherited)",
					"@executable_path/Frameworks",
				);
				MARKETING_VERSION = 1.0;
				PRODUCT_BUNDLE_IDENTIFIER = com.bwcompany.imageMission;
				PRODUCT_NAME = "$(TARGET_NAME)";
				SWIFT_EMIT_LOC_STRINGS = YES;
				SWIFT_VERSION = 5.0;
				TARGETED_DEVICE_FAMILY = "1,2";
			};
			name = Debug;
		};
		D2BA51782A760C1B0063134A /* Release */ = {
			isa = XCBuildConfiguration;
			buildSettings = {
				ASSETCATALOG_COMPILER_APPICON_NAME = AppIcon;
				ASSETCATALOG_COMPILER_GLOBAL_ACCENT_COLOR_NAME = AccentColor;
				CODE_SIGN_STYLE = Automatic;
				CURRENT_PROJECT_VERSION = 1;
				GENERATE_INFOPLIST_FILE = YES;
				INFOPLIST_FILE = imageMission/Info.plist;
				INFOPLIST_KEY_UIApplicationSupportsIndirectInputEvents = YES;
				INFOPLIST_KEY_UILaunchStoryboardName = LaunchScreen;
				INFOPLIST_KEY_UIMainStoryboardFile = Main;
				INFOPLIST_KEY_UISupportedInterfaceOrientations_iPad = "UIInterfaceOrientationPortrait UIInterfaceOrientationPortraitUpsideDown UIInterfaceOrientationLandscapeLeft UIInterfaceOrientationLandscapeRight";
				INFOPLIST_KEY_UISupportedInterfaceOrientations_iPhone = "UIInterfaceOrientationPortrait UIInterfaceOrientationLandscapeLeft UIInterfaceOrientationLandscapeRight";
				LD_RUNPATH_SEARCH_PATHS = (
					"$(inherited)",
					"@executable_path/Frameworks",
				);
				MARKETING_VERSION = 1.0;
				PRODUCT_BUNDLE_IDENTIFIER = com.bwcompany.imageMission;
				PRODUCT_NAME = "$(TARGET_NAME)";
				SWIFT_EMIT_LOC_STRINGS = YES;
				SWIFT_VERSION = 5.0;
				TARGETED_DEVICE_FAMILY = "1,2";
			};
			name = Release;
		};
/* End XCBuildConfiguration section */

/* Begin XCConfigurationList section */
		D2BA515D2A760C1A0063134A /* Build configuration list for PBXProject "imageMission" */ = {
			isa = XCConfigurationList;
			buildConfigurations = (
				D2BA51742A760C1B0063134A /* Debug */,
				D2BA51752A760C1B0063134A /* Release */,
			);
			defaultConfigurationIsVisible = 0;
			defaultConfigurationName = Release;
		};
		D2BA51762A760C1B0063134A /* Build configuration list for PBXNativeTarget "imageMission" */ = {
			isa = XCConfigurationList;
			buildConfigurations = (
				D2BA51772A760C1B0063134A /* Debug */,
				D2BA51782A760C1B0063134A /* Release */,
			);
			defaultConfigurationIsVisible = 0;
			defaultConfigurationName = Release;
		};
/* End XCConfigurationList section */
	};
	rootObject = D2BA515A2A760C1A0063134A /* Project object */;
}
