// !$*UTF8*$!
{
	archiveVersion = 1;
	classes = {
	};
	objectVersion = 56;
	objects = {

/* Begin PBXBuildFile section */
		2964E26D2B4A7E1F0086011C /* CustomTabBarController.swift in Sources */ = {isa = PBXBuildFile; fileRef = 2964E26C2B4A7E1F0086011C /* CustomTabBarController.swift */; };
		2964E26F2B4A7EBF0086011C /* SettingViewController.swift in Sources */ = {isa = PBXBuildFile; fileRef = 2964E26E2B4A7EBF0086011C /* SettingViewController.swift */; };
		299CCE692B46D9260054505E /* AppDelegate.swift in Sources */ = {isa = PBXBuildFile; fileRef = 299CCE682B46D9260054505E /* AppDelegate.swift */; };
		299CCE6B2B46D9260054505E /* SceneDelegate.swift in Sources */ = {isa = PBXBuildFile; fileRef = 299CCE6A2B46D9260054505E /* SceneDelegate.swift */; };
		299CCE722B46D9270054505E /* Assets.xcassets in Resources */ = {isa = PBXBuildFile; fileRef = 299CCE712B46D9270054505E /* Assets.xcassets */; };
		299CCE7D2B46D9FA0054505E /* FirstViewController.swift in Sources */ = {isa = PBXBuildFile; fileRef = 299CCE7C2B46D9FA0054505E /* FirstViewController.swift */; };
		29A6E9A32B4791B700361FBC /* SecondViewController.swift in Sources */ = {isa = PBXBuildFile; fileRef = 29A6E9A22B4791B700361FBC /* SecondViewController.swift */; };
		29A6E9A62B4791CD00361FBC /* SnapKit in Frameworks */ = {isa = PBXBuildFile; productRef = 29A6E9A52B4791CD00361FBC /* SnapKit */; };
		29A6E9A82B4791F600361FBC /* CustomTabBar.swift in Sources */ = {isa = PBXBuildFile; fileRef = 29A6E9A72B4791F600361FBC /* CustomTabBar.swift */; };
		29A6E9AA2B479B9800361FBC /* Extension.swift in Sources */ = {isa = PBXBuildFile; fileRef = 29A6E9A92B479B9800361FBC /* Extension.swift */; };
		29A6E9AC2B47D42800361FBC /* ButtonStackView.swift in Sources */ = {isa = PBXBuildFile; fileRef = 29A6E9AB2B47D42800361FBC /* ButtonStackView.swift */; };
/* End PBXBuildFile section */

/* Begin PBXFileReference section */
		2964E26C2B4A7E1F0086011C /* CustomTabBarController.swift */ = {isa = PBXFileReference; lastKnownFileType = sourcecode.swift; path = CustomTabBarController.swift; sourceTree = "<group>"; };
		2964E26E2B4A7EBF0086011C /* SettingViewController.swift */ = {isa = PBXFileReference; lastKnownFileType = sourcecode.swift; path = SettingViewController.swift; sourceTree = "<group>"; };
		299CCE652B46D9260054505E /* PracticeTabBar.app */ = {isa = PBXFileReference; explicitFileType = wrapper.application; includeInIndex = 0; path = PracticeTabBar.app; sourceTree = BUILT_PRODUCTS_DIR; };
		299CCE682B46D9260054505E /* AppDelegate.swift */ = {isa = PBXFileReference; lastKnownFileType = sourcecode.swift; path = AppDelegate.swift; sourceTree = "<group>"; };
		299CCE6A2B46D9260054505E /* SceneDelegate.swift */ = {isa = PBXFileReference; lastKnownFileType = sourcecode.swift; path = SceneDelegate.swift; sourceTree = "<group>"; };
		299CCE712B46D9270054505E /* Assets.xcassets */ = {isa = PBXFileReference; lastKnownFileType = folder.assetcatalog; path = Assets.xcassets; sourceTree = "<group>"; };
		299CCE762B46D9270054505E /* Info.plist */ = {isa = PBXFileReference; lastKnownFileType = text.plist.xml; path = Info.plist; sourceTree = "<group>"; };
		299CCE7C2B46D9FA0054505E /* FirstViewController.swift */ = {isa = PBXFileReference; lastKnownFileType = sourcecode.swift; path = FirstViewController.swift; sourceTree = "<group>"; };
		29A6E9A22B4791B700361FBC /* SecondViewController.swift */ = {isa = PBXFileReference; lastKnownFileType = sourcecode.swift; path = SecondViewController.swift; sourceTree = "<group>"; };
		29A6E9A72B4791F600361FBC /* CustomTabBar.swift */ = {isa = PBXFileReference; lastKnownFileType = sourcecode.swift; path = CustomTabBar.swift; sourceTree = "<group>"; };
		29A6E9A92B479B9800361FBC /* Extension.swift */ = {isa = PBXFileReference; lastKnownFileType = sourcecode.swift; path = Extension.swift; sourceTree = "<group>"; };
		29A6E9AB2B47D42800361FBC /* ButtonStackView.swift */ = {isa = PBXFileReference; lastKnownFileType = sourcecode.swift; path = ButtonStackView.swift; sourceTree = "<group>"; };
/* End PBXFileReference section */

/* Begin PBXFrameworksBuildPhase section */
		299CCE622B46D9260054505E /* Frameworks */ = {
			isa = PBXFrameworksBuildPhase;
			buildActionMask = 2147483647;
			files = (
				29A6E9A62B4791CD00361FBC /* SnapKit in Frameworks */,
			);
			runOnlyForDeploymentPostprocessing = 0;
		};
/* End PBXFrameworksBuildPhase section */

/* Begin PBXGroup section */
		299CCE5C2B46D9260054505E = {
			isa = PBXGroup;
			children = (
				299CCE672B46D9260054505E /* PracticeTabBar */,
				299CCE662B46D9260054505E /* Products */,
			);
			sourceTree = "<group>";
		};
		299CCE662B46D9260054505E /* Products */ = {
			isa = PBXGroup;
			children = (
				299CCE652B46D9260054505E /* PracticeTabBar.app */,
			);
			name = Products;
			sourceTree = "<group>";
		};
		299CCE672B46D9260054505E /* PracticeTabBar */ = {
			isa = PBXGroup;
			children = (
				299CCE682B46D9260054505E /* AppDelegate.swift */,
				299CCE6A2B46D9260054505E /* SceneDelegate.swift */,
				29A6E9A72B4791F600361FBC /* CustomTabBar.swift */,
				29A6E9AB2B47D42800361FBC /* ButtonStackView.swift */,
				299CCE7C2B46D9FA0054505E /* FirstViewController.swift */,
				29A6E9A22B4791B700361FBC /* SecondViewController.swift */,
				2964E26E2B4A7EBF0086011C /* SettingViewController.swift */,
				29A6E9A92B479B9800361FBC /* Extension.swift */,
				2964E26C2B4A7E1F0086011C /* CustomTabBarController.swift */,
				299CCE712B46D9270054505E /* Assets.xcassets */,
				299CCE762B46D9270054505E /* Info.plist */,
			);
			path = PracticeTabBar;
			sourceTree = "<group>";
		};
/* End PBXGroup section */

/* Begin PBXNativeTarget section */
		299CCE642B46D9260054505E /* PracticeTabBar */ = {
			isa = PBXNativeTarget;
			buildConfigurationList = 299CCE792B46D9270054505E /* Build configuration list for PBXNativeTarget "PracticeTabBar" */;
			buildPhases = (
				299CCE612B46D9260054505E /* Sources */,
				299CCE622B46D9260054505E /* Frameworks */,
				299CCE632B46D9260054505E /* Resources */,
			);
			buildRules = (
			);
			dependencies = (
			);
			name = PracticeTabBar;
			packageProductDependencies = (
				29A6E9A52B4791CD00361FBC /* SnapKit */,
			);
			productName = PracticeTabBar;
			productReference = 299CCE652B46D9260054505E /* PracticeTabBar.app */;
			productType = "com.apple.product-type.application";
		};
/* End PBXNativeTarget section */

/* Begin PBXProject section */
		299CCE5D2B46D9260054505E /* Project object */ = {
			isa = PBXProject;
			attributes = {
				BuildIndependentTargetsInParallel = 1;
				LastSwiftUpdateCheck = 1510;
				LastUpgradeCheck = 1510;
				TargetAttributes = {
					299CCE642B46D9260054505E = {
						CreatedOnToolsVersion = 15.1;
					};
				};
			};
			buildConfigurationList = 299CCE602B46D9260054505E /* Build configuration list for PBXProject "PracticeTabBar" */;
			compatibilityVersion = "Xcode 14.0";
			developmentRegion = en;
			hasScannedForEncodings = 0;
			knownRegions = (
				en,
				Base,
			);
			mainGroup = 299CCE5C2B46D9260054505E;
			packageReferences = (
				29A6E9A42B4791CD00361FBC /* XCRemoteSwiftPackageReference "SnapKit" */,
			);
			productRefGroup = 299CCE662B46D9260054505E /* Products */;
			projectDirPath = "";
			projectRoot = "";
			targets = (
				299CCE642B46D9260054505E /* PracticeTabBar */,
			);
		};
/* End PBXProject section */

/* Begin PBXResourcesBuildPhase section */
		299CCE632B46D9260054505E /* Resources */ = {
			isa = PBXResourcesBuildPhase;
			buildActionMask = 2147483647;
			files = (
				299CCE722B46D9270054505E /* Assets.xcassets in Resources */,
			);
			runOnlyForDeploymentPostprocessing = 0;
		};
/* End PBXResourcesBuildPhase section */

/* Begin PBXSourcesBuildPhase section */
		299CCE612B46D9260054505E /* Sources */ = {
			isa = PBXSourcesBuildPhase;
			buildActionMask = 2147483647;
			files = (
				2964E26F2B4A7EBF0086011C /* SettingViewController.swift in Sources */,
				299CCE692B46D9260054505E /* AppDelegate.swift in Sources */,
				2964E26D2B4A7E1F0086011C /* CustomTabBarController.swift in Sources */,
				29A6E9AA2B479B9800361FBC /* Extension.swift in Sources */,
				299CCE7D2B46D9FA0054505E /* FirstViewController.swift in Sources */,
				29A6E9A32B4791B700361FBC /* SecondViewController.swift in Sources */,
				29A6E9AC2B47D42800361FBC /* ButtonStackView.swift in Sources */,
				29A6E9A82B4791F600361FBC /* CustomTabBar.swift in Sources */,
				299CCE6B2B46D9260054505E /* SceneDelegate.swift in Sources */,
			);
			runOnlyForDeploymentPostprocessing = 0;
		};
/* End PBXSourcesBuildPhase section */

/* Begin XCBuildConfiguration section */
		299CCE772B46D9270054505E /* Debug */ = {
			isa = XCBuildConfiguration;
			buildSettings = {
				ALWAYS_SEARCH_USER_PATHS = NO;
				ASSETCATALOG_COMPILER_GENERATE_SWIFT_ASSET_SYMBOL_EXTENSIONS = YES;
				CLANG_ANALYZER_NONNULL = YES;
				CLANG_ANALYZER_NUMBER_OBJECT_CONVERSION = YES_AGGRESSIVE;
				CLANG_CXX_LANGUAGE_STANDARD = "gnu++20";
				CLANG_ENABLE_MODULES = YES;
				CLANG_ENABLE_OBJC_ARC = YES;
				CLANG_ENABLE_OBJC_WEAK = YES;
				CLANG_WARN_BLOCK_CAPTURE_AUTORELEASING = YES;
				CLANG_WARN_BOOL_CONVERSION = YES;
				CLANG_WARN_COMMA = YES;
				CLANG_WARN_CONSTANT_CONVERSION = YES;
				CLANG_WARN_DEPRECATED_OBJC_IMPLEMENTATIONS = YES;
				CLANG_WARN_DIRECT_OBJC_ISA_USAGE = YES_ERROR;
				CLANG_WARN_DOCUMENTATION_COMMENTS = YES;
				CLANG_WARN_EMPTY_BODY = YES;
				CLANG_WARN_ENUM_CONVERSION = YES;
				CLANG_WARN_INFINITE_RECURSION = YES;
				CLANG_WARN_INT_CONVERSION = YES;
				CLANG_WARN_NON_LITERAL_NULL_CONVERSION = YES;
				CLANG_WARN_OBJC_IMPLICIT_RETAIN_SELF = YES;
				CLANG_WARN_OBJC_LITERAL_CONVERSION = YES;
				CLANG_WARN_OBJC_ROOT_CLASS = YES_ERROR;
				CLANG_WARN_QUOTED_INCLUDE_IN_FRAMEWORK_HEADER = YES;
				CLANG_WARN_RANGE_LOOP_ANALYSIS = YES;
				CLANG_WARN_STRICT_PROTOTYPES = YES;
				CLANG_WARN_SUSPICIOUS_MOVE = YES;
				CLANG_WARN_UNGUARDED_AVAILABILITY = YES_AGGRESSIVE;
				CLANG_WARN_UNREACHABLE_CODE = YES;
				CLANG_WARN__DUPLICATE_METHOD_MATCH = YES;
				COPY_PHASE_STRIP = NO;
				DEBUG_INFORMATION_FORMAT = dwarf;
				ENABLE_STRICT_OBJC_MSGSEND = YES;
				ENABLE_TESTABILITY = YES;
				ENABLE_USER_SCRIPT_SANDBOXING = YES;
				GCC_C_LANGUAGE_STANDARD = gnu17;
				GCC_DYNAMIC_NO_PIC = NO;
				GCC_NO_COMMON_BLOCKS = YES;
				GCC_OPTIMIZATION_LEVEL = 0;
				GCC_PREPROCESSOR_DEFINITIONS = (
					"DEBUG=1",
					"$(inherited)",
				);
				GCC_WARN_64_TO_32_BIT_CONVERSION = YES;
				GCC_WARN_ABOUT_RETURN_TYPE = YES_ERROR;
				GCC_WARN_UNDECLARED_SELECTOR = YES;
				GCC_WARN_UNINITIALIZED_AUTOS = YES_AGGRESSIVE;
				GCC_WARN_UNUSED_FUNCTION = YES;
				GCC_WARN_UNUSED_VARIABLE = YES;
				IPHONEOS_DEPLOYMENT_TARGET = 17.2;
				LOCALIZATION_PREFERS_STRING_CATALOGS = YES;
				MTL_ENABLE_DEBUG_INFO = INCLUDE_SOURCE;
				MTL_FAST_MATH = YES;
				ONLY_ACTIVE_ARCH = YES;
				SDKROOT = iphoneos;
				SWIFT_ACTIVE_COMPILATION_CONDITIONS = "DEBUG $(inherited)";
				SWIFT_OPTIMIZATION_LEVEL = "-Onone";
			};
			name = Debug;
		};
		299CCE782B46D9270054505E /* Release */ = {
			isa = XCBuildConfiguration;
			buildSettings = {
				ALWAYS_SEARCH_USER_PATHS = NO;
				ASSETCATALOG_COMPILER_GENERATE_SWIFT_ASSET_SYMBOL_EXTENSIONS = YES;
				CLANG_ANALYZER_NONNULL = YES;
				CLANG_ANALYZER_NUMBER_OBJECT_CONVERSION = YES_AGGRESSIVE;
				CLANG_CXX_LANGUAGE_STANDARD = "gnu++20";
				CLANG_ENABLE_MODULES = YES;
				CLANG_ENABLE_OBJC_ARC = YES;
				CLANG_ENABLE_OBJC_WEAK = YES;
				CLANG_WARN_BLOCK_CAPTURE_AUTORELEASING = YES;
				CLANG_WARN_BOOL_CONVERSION = YES;
				CLANG_WARN_COMMA = YES;
				CLANG_WARN_CONSTANT_CONVERSION = YES;
				CLANG_WARN_DEPRECATED_OBJC_IMPLEMENTATIONS = YES;
				CLANG_WARN_DIRECT_OBJC_ISA_USAGE = YES_ERROR;
				CLANG_WARN_DOCUMENTATION_COMMENTS = YES;
				CLANG_WARN_EMPTY_BODY = YES;
				CLANG_WARN_ENUM_CONVERSION = YES;
				CLANG_WARN_INFINITE_RECURSION = YES;
				CLANG_WARN_INT_CONVERSION = YES;
				CLANG_WARN_NON_LITERAL_NULL_CONVERSION = YES;
				CLANG_WARN_OBJC_IMPLICIT_RETAIN_SELF = YES;
				CLANG_WARN_OBJC_LITERAL_CONVERSION = YES;
				CLANG_WARN_OBJC_ROOT_CLASS = YES_ERROR;
				CLANG_WARN_QUOTED_INCLUDE_IN_FRAMEWORK_HEADER = YES;
				CLANG_WARN_RANGE_LOOP_ANALYSIS = YES;
				CLANG_WARN_STRICT_PROTOTYPES = YES;
				CLANG_WARN_SUSPICIOUS_MOVE = YES;
				CLANG_WARN_UNGUARDED_AVAILABILITY = YES_AGGRESSIVE;
				CLANG_WARN_UNREACHABLE_CODE = YES;
				CLANG_WARN__DUPLICATE_METHOD_MATCH = YES;
				COPY_PHASE_STRIP = NO;
				DEBUG_INFORMATION_FORMAT = "dwarf-with-dsym";
				ENABLE_NS_ASSERTIONS = NO;
				ENABLE_STRICT_OBJC_MSGSEND = YES;
				ENABLE_USER_SCRIPT_SANDBOXING = YES;
				GCC_C_LANGUAGE_STANDARD = gnu17;
				GCC_NO_COMMON_BLOCKS = YES;
				GCC_WARN_64_TO_32_BIT_CONVERSION = YES;
				GCC_WARN_ABOUT_RETURN_TYPE = YES_ERROR;
				GCC_WARN_UNDECLARED_SELECTOR = YES;
				GCC_WARN_UNINITIALIZED_AUTOS = YES_AGGRESSIVE;
				GCC_WARN_UNUSED_FUNCTION = YES;
				GCC_WARN_UNUSED_VARIABLE = YES;
				IPHONEOS_DEPLOYMENT_TARGET = 17.2;
				LOCALIZATION_PREFERS_STRING_CATALOGS = YES;
				MTL_ENABLE_DEBUG_INFO = NO;
				MTL_FAST_MATH = YES;
				SDKROOT = iphoneos;
				SWIFT_COMPILATION_MODE = wholemodule;
				VALIDATE_PRODUCT = YES;
			};
			name = Release;
		};
		299CCE7A2B46D9270054505E /* Debug */ = {
			isa = XCBuildConfiguration;
			buildSettings = {
				ASSETCATALOG_COMPILER_APPICON_NAME = AppIcon;
				ASSETCATALOG_COMPILER_GLOBAL_ACCENT_COLOR_NAME = AccentColor;
				CODE_SIGN_STYLE = Automatic;
				CURRENT_PROJECT_VERSION = 1;
				DEVELOPMENT_TEAM = F7GYZYWC6V;
				GENERATE_INFOPLIST_FILE = YES;
				INFOPLIST_FILE = PracticeTabBar/Info.plist;
				INFOPLIST_KEY_UIApplicationSupportsIndirectInputEvents = YES;
				INFOPLIST_KEY_UILaunchStoryboardName = LaunchScreen;
				INFOPLIST_KEY_UISupportedInterfaceOrientations_iPad = "UIInterfaceOrientationPortrait UIInterfaceOrientationPortraitUpsideDown UIInterfaceOrientationLandscapeLeft UIInterfaceOrientationLandscapeRight";
				INFOPLIST_KEY_UISupportedInterfaceOrientations_iPhone = "UIInterfaceOrientationPortrait UIInterfaceOrientationLandscapeLeft UIInterfaceOrientationLandscapeRight";
				LD_RUNPATH_SEARCH_PATHS = (
					"$(inherited)",
					"@executable_path/Frameworks",
				);
				MARKETING_VERSION = 1.0;
				PRODUCT_BUNDLE_IDENTIFIER = com.bwcompany.PracticeTabBar;
				PRODUCT_NAME = "$(TARGET_NAME)";
				SWIFT_EMIT_LOC_STRINGS = YES;
				SWIFT_VERSION = 5.0;
				TARGETED_DEVICE_FAMILY = "1,2";
			};
			name = Debug;
		};
		299CCE7B2B46D9270054505E /* Release */ = {
			isa = XCBuildConfiguration;
			buildSettings = {
				ASSETCATALOG_COMPILER_APPICON_NAME = AppIcon;
				ASSETCATALOG_COMPILER_GLOBAL_ACCENT_COLOR_NAME = AccentColor;
				CODE_SIGN_STYLE = Automatic;
				CURRENT_PROJECT_VERSION = 1;
				DEVELOPMENT_TEAM = F7GYZYWC6V;
				GENERATE_INFOPLIST_FILE = YES;
				INFOPLIST_FILE = PracticeTabBar/Info.plist;
				INFOPLIST_KEY_UIApplicationSupportsIndirectInputEvents = YES;
				INFOPLIST_KEY_UILaunchStoryboardName = LaunchScreen;
				INFOPLIST_KEY_UISupportedInterfaceOrientations_iPad = "UIInterfaceOrientationPortrait UIInterfaceOrientationPortraitUpsideDown UIInterfaceOrientationLandscapeLeft UIInterfaceOrientationLandscapeRight";
				INFOPLIST_KEY_UISupportedInterfaceOrientations_iPhone = "UIInterfaceOrientationPortrait UIInterfaceOrientationLandscapeLeft UIInterfaceOrientationLandscapeRight";
				LD_RUNPATH_SEARCH_PATHS = (
					"$(inherited)",
					"@executable_path/Frameworks",
				);
				MARKETING_VERSION = 1.0;
				PRODUCT_BUNDLE_IDENTIFIER = com.bwcompany.PracticeTabBar;
				PRODUCT_NAME = "$(TARGET_NAME)";
				SWIFT_EMIT_LOC_STRINGS = YES;
				SWIFT_VERSION = 5.0;
				TARGETED_DEVICE_FAMILY = "1,2";
			};
			name = Release;
		};
/* End XCBuildConfiguration section */

/* Begin XCConfigurationList section */
		299CCE602B46D9260054505E /* Build configuration list for PBXProject "PracticeTabBar" */ = {
			isa = XCConfigurationList;
			buildConfigurations = (
				299CCE772B46D9270054505E /* Debug */,
				299CCE782B46D9270054505E /* Release */,
			);
			defaultConfigurationIsVisible = 0;
			defaultConfigurationName = Release;
		};
		299CCE792B46D9270054505E /* Build configuration list for PBXNativeTarget "PracticeTabBar" */ = {
			isa = XCConfigurationList;
			buildConfigurations = (
				299CCE7A2B46D9270054505E /* Debug */,
				299CCE7B2B46D9270054505E /* Release */,
			);
			defaultConfigurationIsVisible = 0;
			defaultConfigurationName = Release;
		};
/* End XCConfigurationList section */

/* Begin XCRemoteSwiftPackageReference section */
		29A6E9A42B4791CD00361FBC /* XCRemoteSwiftPackageReference "SnapKit" */ = {
			isa = XCRemoteSwiftPackageReference;
			repositoryURL = "https://github.com/SnapKit/SnapKit.git";
			requirement = {
				kind = upToNextMajorVersion;
				minimumVersion = 5.7.0;
			};
		};
/* End XCRemoteSwiftPackageReference section */

/* Begin XCSwiftPackageProductDependency section */
		29A6E9A52B4791CD00361FBC /* SnapKit */ = {
			isa = XCSwiftPackageProductDependency;
			package = 29A6E9A42B4791CD00361FBC /* XCRemoteSwiftPackageReference "SnapKit" */;
			productName = SnapKit;
		};
/* End XCSwiftPackageProductDependency section */
	};
	rootObject = 299CCE5D2B46D9260054505E /* Project object */;
}
